
Microsoft Visual Studio Solution File, Format Version 12.00
# Visual Studio Version 17
VisualStudioVersion = 17.7.34003.232
MinimumVisualStudioVersion = 10.0.40219.1
Project("{FAE04EC0-301F-11D3-BF4B-00C04F79EFBC}") = "PeotioiPIM", "PeotioiPIM\PeotioiPIM.csproj", "{F4D1345C-DC4E-49B0-BEDD-122117505845}"
EndProject
Global
	GlobalSection(SolutionConfigurationPlatforms) = preSolution
		Debug|Any CPU = Debug|Any CPU
		Release|Any CPU = Release|Any CPU
	EndGlobalSection
	GlobalSection(ProjectConfigurationPlatforms) = postSolution
		{F4D1345C-DC4E-49B0-BEDD-122117505845}.Debug|Any CPU.ActiveCfg = Debug|Any CPU
		{F4D1345C-DC4E-49B0-BEDD-122117505845}.Debug|Any CPU.Build.0 = Debug|Any CPU
		{F4D1345C-DC4E-49B0-BEDD-122117505845}.Release|Any CPU.ActiveCfg = Release|Any CPU
		{F4D1345C-DC4E-49B0-BEDD-122117505845}.Release|Any CPU.Build.0 = Release|Any CPU
	EndGlobalSection
	GlobalSection(SolutionProperties) = preSolution
		HideSolutionNode = FALSE
	EndGlobalSection
	GlobalSection(ExtensibilityGlobals) = postSolution
		SolutionGuid = {563E49C0-CF3F-4B8F-935D-26EF6463C20F}
	EndGlobalSection
EndGlobal
